
Microsoft Visual Studio Solution File, Format Version 12.00
# Visual Studio 2012
Project("{FAE04EC0-301F-11D3-BF4B-00C04F79EFBC}") = "pacgame", "pacgame\pacgame.csproj", "{89D6843D-65DE-4B5F-A981-8FFEC21B6CC1}"
EndProject
Global
	GlobalSection(SolutionConfigurationPlatforms) = preSolution
		Debug|Any CPU = Debug|Any CPU
		Release|Any CPU = Release|Any CPU
	EndGlobalSection
	GlobalSection(ProjectConfigurationPlatforms) = postSolution
		{89D6843D-65DE-4B5F-A981-8FFEC21B6CC1}.Debug|Any CPU.ActiveCfg = Debug|Any CPU
		{89D6843D-65DE-4B5F-A981-8FFEC21B6CC1}.Debug|Any CPU.Build.0 = Debug|Any CPU
		{89D6843D-65DE-4B5F-A981-8FFEC21B6CC1}.Release|Any CPU.ActiveCfg = Release|Any CPU
		{89D6843D-65DE-4B5F-A981-8FFEC21B6CC1}.Release|Any CPU.Build.0 = Release|Any CPU
	EndGlobalSection
	GlobalSection(SolutionProperties) = preSolution
		HideSolutionNode = FALSE
	EndGlobalSection
EndGlobal
